{
  "version": 4,
  "terraform_version": "1.9.7",
  "serial": 44,
  "lineage": "d2003950-2f2c-c2d1-5d76-06c02c64db20",
  "outputs": {},
  "resources": [
    {
      "mode": "data",
      "type": "aws_iam_policy_document",
      "name": "lambda_assume_role_policy_doc",
      "provider": "provider[\"registry.terraform.io/hashicorp/aws\"]",
      "instances": [
        {
          "schema_version": 0,
          "attributes": {
            "id": "2690255455",
            "json": "{\n  \"Version\": \"2012-10-17\",\n  \"Statement\": [\n    {\n      \"Effect\": \"Allow\",\n      \"Action\": \"sts:AssumeRole\",\n      \"Principal\": {\n        \"Service\": \"lambda.amazonaws.com\"\n      }\n    }\n  ]\n}",
            "minified_json": "{\"Version\":\"2012-10-17\",\"Statement\":[{\"Effect\":\"Allow\",\"Action\":\"sts:AssumeRole\",\"Principal\":{\"Service\":\"lambda.amazonaws.com\"}}]}",
            "override_json": null,
            "override_policy_documents": null,
            "policy_id": null,
            "source_json": null,
            "source_policy_documents": null,
            "statement": [
              {
                "actions": [
                  "sts:AssumeRole"
                ],
                "condition": [],
                "effect": "Allow",
                "not_actions": [],
                "not_principals": [],
                "not_resources": [],
                "principals": [
                  {
                    "identifiers": [
                      "lambda.amazonaws.com"
                    ],
                    "type": "Service"
                  }
                ],
                "resources": [],
                "sid": ""
              }
            ],
            "version": "2012-10-17"
          },
          "sensitive_attributes": []
        }
      ]
    },
    {
      "mode": "managed",
      "type": "aws_cloudwatch_log_group",
      "name": "transcribe_service_job",
      "provider": "provider[\"registry.terraform.io/hashicorp/aws\"]",
      "instances": [
        {
          "schema_version": 0,
          "attributes": {
            "arn": "arn:aws:logs:us-west-2:758346259544:log-group:/aws/lambda/TranscribeServiceJob",
            "id": "/aws/lambda/TranscribeServiceJob",
            "kms_key_id": "",
            "log_group_class": "STANDARD",
            "name": "/aws/lambda/TranscribeServiceJob",
            "name_prefix": "",
            "region": "us-west-2",
            "retention_in_days": 3,
            "skip_destroy": false,
            "tags": {},
            "tags_all": {}
          },
          "sensitive_attributes": [],
          "private": "bnVsbA==",
          "dependencies": [
            "aws_iam_role.aws_lambda_iam_role",
            "aws_lambda_function.transcribe_service_job",
            "aws_lambda_layer_version.python_layer",
            "aws_s3_bucket.example",
            "data.aws_iam_policy_document.lambda_assume_role_policy_doc"
          ]
        }
      ]
    },
    {
      "mode": "managed",
      "type": "aws_iam_policy",
      "name": "function_logging_policy",
      "provider": "provider[\"registry.terraform.io/hashicorp/aws\"]",
      "instances": [
        {
          "schema_version": 0,
          "attributes": {
            "arn": "arn:aws:iam::758346259544:policy/function-logging-policy",
            "attachment_count": 1,
            "description": "",
            "id": "arn:aws:iam::758346259544:policy/function-logging-policy",
            "name": "function-logging-policy",
            "name_prefix": "",
            "path": "/",
            "policy": "{\"Statement\":[{\"Action\":[\"logs:CreateLogStream\",\"logs:PutLogEvents\",\"logs:DescribeLogGroups\",\"logs:DescribeLogsStreams\"],\"Effect\":\"Allow\",\"Resource\":\"arn:aws:logs:us-west-2:758346259544:log-group:/aws/lambda/TranscribeServiceJob:*\"}],\"Version\":\"2012-10-17\"}",
            "policy_id": "ANPA3BEHVTRMBXV7RLROJ",
            "tags": {},
            "tags_all": {}
          },
          "sensitive_attributes": [],
          "private": "bnVsbA==",
          "dependencies": [
            "aws_cloudwatch_log_group.transcribe_service_job",
            "aws_iam_role.aws_lambda_iam_role",
            "aws_lambda_function.transcribe_service_job",
            "aws_lambda_layer_version.python_layer",
            "aws_s3_bucket.example",
            "data.aws_iam_policy_document.lambda_assume_role_policy_doc"
          ]
        }
      ]
    },
    {
      "mode": "managed",
      "type": "aws_iam_policy",
      "name": "s3_bucket_access_policy",
      "provider": "provider[\"registry.terraform.io/hashicorp/aws\"]",
      "instances": [
        {
          "schema_version": 0,
          "attributes": {
            "arn": "arn:aws:iam::758346259544:policy/transcribe-s3-bucket-access-policy",
            "attachment_count": 1,
            "description": "Policy to allow read access on source bucket and write access on target bucket",
            "id": "arn:aws:iam::758346259544:policy/transcribe-s3-bucket-access-policy",
            "name": "transcribe-s3-bucket-access-policy",
            "name_prefix": "",
            "path": "/",
            "policy": "{\"Statement\":[{\"Action\":[\"s3:GetObject\",\"s3:ListBucket\"],\"Effect\":\"Allow\",\"Resource\":[\"arn:aws:s3:::aws-transcribe-svc-src-001\",\"arn:aws:s3:::aws-transcribe-svc-src-001/*\"]},{\"Action\":[\"s3:PutObject\",\"s3:PutObjectAcl\"],\"Effect\":\"Allow\",\"Resource\":[\"arn:aws:s3:::aws-transcribe-svc-tgt-001/*\"]}],\"Version\":\"2012-10-17\"}",
            "policy_id": "ANPA3BEHVTRMHTNBU56Z4",
            "tags": {},
            "tags_all": {}
          },
          "sensitive_attributes": [],
          "private": "bnVsbA=="
        }
      ]
    },
    {
      "mode": "managed",
      "type": "aws_iam_role",
      "name": "aws_lambda_iam_role",
      "provider": "provider[\"registry.terraform.io/hashicorp/aws\"]",
      "instances": [
        {
          "schema_version": 0,
          "attributes": {
            "arn": "arn:aws:iam::758346259544:role/transcribe-service-job-iam-role",
            "assume_role_policy": "{\"Statement\":[{\"Action\":\"sts:AssumeRole\",\"Effect\":\"Allow\",\"Principal\":{\"Service\":\"lambda.amazonaws.com\"}}],\"Version\":\"2012-10-17\"}",
            "create_date": "2025-10-25T18:12:29Z",
            "description": "",
            "force_detach_policies": false,
            "id": "transcribe-service-job-iam-role",
            "inline_policy": [],
            "managed_policy_arns": [
              "arn:aws:iam::758346259544:policy/function-logging-policy",
              "arn:aws:iam::758346259544:policy/transcribe-s3-bucket-access-policy",
              "arn:aws:iam::aws:policy/AmazonTranscribeFullAccess"
            ],
            "max_session_duration": 3600,
            "name": "transcribe-service-job-iam-role",
            "name_prefix": "",
            "path": "/",
            "permissions_boundary": "",
            "tags": {},
            "tags_all": {},
            "unique_id": "AROA3BEHVTRMHSOTIGXOH"
          },
          "sensitive_attributes": [],
          "private": "bnVsbA==",
          "dependencies": [
            "data.aws_iam_policy_document.lambda_assume_role_policy_doc"
          ]
        }
      ]
    },
    {
      "mode": "managed",
      "type": "aws_iam_role_policy_attachment",
      "name": "function_logging_policy_attachment",
      "provider": "provider[\"registry.terraform.io/hashicorp/aws\"]",
      "instances": [
        {
          "schema_version": 0,
          "attributes": {
            "id": "transcribe-service-job-iam-role/arn:aws:iam::758346259544:policy/function-logging-policy",
            "policy_arn": "arn:aws:iam::758346259544:policy/function-logging-policy",
            "role": "transcribe-service-job-iam-role"
          },
          "sensitive_attributes": [],
          "private": "bnVsbA==",
          "dependencies": [
            "aws_cloudwatch_log_group.transcribe_service_job",
            "aws_iam_policy.function_logging_policy",
            "aws_iam_role.aws_lambda_iam_role",
            "aws_lambda_function.transcribe_service_job",
            "aws_lambda_layer_version.python_layer",
            "aws_s3_bucket.example",
            "data.aws_iam_policy_document.lambda_assume_role_policy_doc"
          ]
        }
      ]
    },
    {
      "mode": "managed",
      "type": "aws_iam_role_policy_attachment",
      "name": "s3_bucket_access_policy_attachment",
      "provider": "provider[\"registry.terraform.io/hashicorp/aws\"]",
      "instances": [
        {
          "schema_version": 0,
          "attributes": {
            "id": "transcribe-service-job-iam-role/arn:aws:iam::758346259544:policy/transcribe-s3-bucket-access-policy",
            "policy_arn": "arn:aws:iam::758346259544:policy/transcribe-s3-bucket-access-policy",
            "role": "transcribe-service-job-iam-role"
          },
          "sensitive_attributes": [],
          "private": "bnVsbA==",
          "dependencies": [
            "aws_iam_policy.s3_bucket_access_policy",
            "aws_iam_role.aws_lambda_iam_role",
            "data.aws_iam_policy_document.lambda_assume_role_policy_doc"
          ]
        }
      ]
    },
    {
      "mode": "managed",
      "type": "aws_iam_role_policy_attachment",
      "name": "transcribe_full_access",
      "provider": "provider[\"registry.terraform.io/hashicorp/aws\"]",
      "instances": [
        {
          "schema_version": 0,
          "attributes": {
            "id": "transcribe-service-job-iam-role/arn:aws:iam::aws:policy/AmazonTranscribeFullAccess",
            "policy_arn": "arn:aws:iam::aws:policy/AmazonTranscribeFullAccess",
            "role": "transcribe-service-job-iam-role"
          },
          "sensitive_attributes": [],
          "private": "bnVsbA==",
          "dependencies": [
            "aws_iam_role.aws_lambda_iam_role",
            "data.aws_iam_policy_document.lambda_assume_role_policy_doc"
          ]
        }
      ]
    },
    {
      "mode": "managed",
      "type": "aws_lambda_function",
      "name": "transcribe_service_job",
      "provider": "provider[\"registry.terraform.io/hashicorp/aws\"]",
      "instances": [
        {
          "schema_version": 0,
          "attributes": {
            "architectures": [
              "x86_64"
            ],
            "arn": "arn:aws:lambda:us-west-2:758346259544:function:TranscribeServiceJob",
            "code_sha256": "vsATNqmikRiI88vIjczT8Wr5PIGKZoFcVqy+EJBbD6w=",
            "code_signing_config_arn": "",
            "dead_letter_config": [],
            "description": "AWS Lambda function to create Transcribe job",
            "environment": [
              {
                "variables": {
                  "S3_DESTINATION_BUCKET": "aws-transcribe-svc-tgt-001"
                }
              }
            ],
            "ephemeral_storage": [
              {
                "size": 512
              }
            ],
            "file_system_config": [],
            "filename": "./functions/TranscribeServiceJob.zip",
            "function_name": "TranscribeServiceJob",
            "handler": "TranscribeServiceJob.lambda_handler",
            "id": "TranscribeServiceJob",
            "image_config": [],
            "image_uri": "",
            "invoke_arn": "arn:aws:apigateway:us-west-2:lambda:path/2015-03-31/functions/arn:aws:lambda:us-west-2:758346259544:function:TranscribeServiceJob/invocations",
            "kms_key_arn": "",
            "last_modified": "2025-10-25T20:14:24.000+0000",
            "layers": [
              "arn:aws:lambda:us-west-2:758346259544:layer:PythonLayer:1"
            ],
            "logging_config": [
              {
                "application_log_level": "",
                "log_format": "Text",
                "log_group": "/aws/lambda/TranscribeServiceJob",
                "system_log_level": ""
              }
            ],
            "memory_size": 128,
            "package_type": "Zip",
            "publish": false,
            "qualified_arn": "arn:aws:lambda:us-west-2:758346259544:function:TranscribeServiceJob:$LATEST",
            "qualified_invoke_arn": "arn:aws:apigateway:us-west-2:lambda:path/2015-03-31/functions/arn:aws:lambda:us-west-2:758346259544:function:TranscribeServiceJob:$LATEST/invocations",
            "region": "us-west-2",
            "replace_security_groups_on_destroy": null,
            "replacement_security_group_ids": null,
            "reserved_concurrent_executions": -1,
            "role": "arn:aws:iam::758346259544:role/transcribe-service-job-iam-role",
            "runtime": "python3.12",
            "s3_bucket": null,
            "s3_key": null,
            "s3_object_version": null,
            "signing_job_arn": "",
            "signing_profile_version_arn": "",
            "skip_destroy": false,
            "snap_start": [],
            "source_code_hash": "vsATNqmikRiI88vIjczT8Wr5PIGKZoFcVqy+EJBbD6w=",
            "source_code_size": 804,
            "source_kms_key_arn": "",
            "tags": {},
            "tags_all": {},
            "timeout": 30,
            "timeouts": null,
            "tracing_config": [
              {
                "mode": "PassThrough"
              }
            ],
            "version": "$LATEST",
            "vpc_config": []
          },
          "sensitive_attributes": [],
          "private": "eyJlMmJmYjczMC1lY2FhLTExZTYtOGY4OC0zNDM2M2JjN2M0YzAiOnsiY3JlYXRlIjo2MDAwMDAwMDAwMDAsImRlbGV0ZSI6NjAwMDAwMDAwMDAwLCJ1cGRhdGUiOjYwMDAwMDAwMDAwMH19",
          "dependencies": [
            "aws_iam_role.aws_lambda_iam_role",
            "aws_lambda_layer_version.python_layer",
            "aws_s3_bucket.example",
            "data.aws_iam_policy_document.lambda_assume_role_policy_doc"
          ]
        }
      ]
    },
    {
      "mode": "managed",
      "type": "aws_lambda_layer_version",
      "name": "python_layer",
      "provider": "provider[\"registry.terraform.io/hashicorp/aws\"]",
      "instances": [
        {
          "schema_version": 0,
          "attributes": {
            "arn": "arn:aws:lambda:us-west-2:758346259544:layer:PythonLayer:1",
            "code_sha256": "11A/IlmS/r4Q1OUAkFa2Uqox71GPVanBtveVPo3hp5M=",
            "compatible_architectures": [],
            "compatible_runtimes": [
              "python3.10",
              "python3.11",
              "python3.12"
            ],
            "created_date": "2025-10-25T19:51:56.230+0000",
            "description": "Python dependencies layer for Transcribe service",
            "filename": "./functions/layers/PythonLayer.zip",
            "id": "arn:aws:lambda:us-west-2:758346259544:layer:PythonLayer:1",
            "layer_arn": "arn:aws:lambda:us-west-2:758346259544:layer:PythonLayer",
            "layer_name": "PythonLayer",
            "license_info": "",
            "region": "us-west-2",
            "s3_bucket": null,
            "s3_key": null,
            "s3_object_version": null,
            "signing_job_arn": "",
            "signing_profile_version_arn": "",
            "skip_destroy": false,
            "source_code_hash": "11A/IlmS/r4Q1OUAkFa2Uqox71GPVanBtveVPo3hp5M=",
            "source_code_size": 16278633,
            "version": "1"
          },
          "sensitive_attributes": [],
          "private": "bnVsbA=="
        }
      ]
    },
    {
      "mode": "managed",
      "type": "aws_lambda_permission",
      "name": "allow_bucket2",
      "provider": "provider[\"registry.terraform.io/hashicorp/aws\"]",
      "instances": [
        {
          "schema_version": 0,
          "attributes": {
            "action": "lambda:InvokeFunction",
            "event_source_token": null,
            "function_name": "arn:aws:lambda:us-west-2:758346259544:function:TranscribeServiceJob",
            "function_url_auth_type": null,
            "id": "AllowExecutionFromaws-transcribe-svc-src-001",
            "principal": "s3.amazonaws.com",
            "principal_org_id": null,
            "qualifier": "",
            "region": "us-west-2",
            "source_account": null,
            "source_arn": "arn:aws:s3:::aws-transcribe-svc-src-001",
            "statement_id": "AllowExecutionFromaws-transcribe-svc-src-001",
            "statement_id_prefix": ""
          },
          "sensitive_attributes": [],
          "private": "bnVsbA==",
          "dependencies": [
            "aws_iam_role.aws_lambda_iam_role",
            "aws_lambda_function.transcribe_service_job",
            "aws_lambda_layer_version.python_layer",
            "aws_s3_bucket.example",
            "data.aws_iam_policy_document.lambda_assume_role_policy_doc"
          ]
        }
      ]
    },
    {
      "mode": "managed",
      "type": "aws_s3_bucket",
      "name": "example",
      "provider": "provider[\"registry.terraform.io/hashicorp/aws\"]",
      "instances": [
        {
          "schema_version": 0,
          "attributes": {
            "acceleration_status": "",
            "acl": null,
            "arn": "arn:aws:s3:::aws-transcribe-svc-tgt-001",
            "bucket": "aws-transcribe-svc-tgt-001",
            "bucket_domain_name": "aws-transcribe-svc-tgt-001.s3.amazonaws.com",
            "bucket_prefix": "",
            "bucket_region": "us-west-2",
            "bucket_regional_domain_name": "aws-transcribe-svc-tgt-001.s3.us-west-2.amazonaws.com",
            "cors_rule": [],
            "force_destroy": false,
            "grant": [
              {
                "id": "ad414778493abdebcc69642f9db9d1b6ce5bbf3de0ab46bc7b25d570ff90c711",
                "permissions": [
                  "FULL_CONTROL"
                ],
                "type": "CanonicalUser",
                "uri": ""
              }
            ],
            "hosted_zone_id": "Z3BJ6K6RIION7M",
            "id": "aws-transcribe-svc-tgt-001",
            "lifecycle_rule": [],
            "logging": [],
            "object_lock_configuration": [],
            "object_lock_enabled": false,
            "policy": "",
            "region": "us-west-2",
            "replication_configuration": [],
            "request_payer": "BucketOwner",
            "server_side_encryption_configuration": [
              {
                "rule": [
                  {
                    "apply_server_side_encryption_by_default": [
                      {
                        "kms_master_key_id": "",
                        "sse_algorithm": "AES256"
                      }
                    ],
                    "bucket_key_enabled": false
                  }
                ]
              }
            ],
            "tags": {
              "Environment": "Dev",
              "Name": "aws-transcribe-svc-tgt-001"
            },
            "tags_all": {
              "Environment": "Dev",
              "Name": "aws-transcribe-svc-tgt-001"
            },
            "timeouts": null,
            "versioning": [
              {
                "enabled": false,
                "mfa_delete": false
              }
            ],
            "website": [],
            "website_domain": null,
            "website_endpoint": null
          },
          "sensitive_attributes": [],
          "private": "eyJlMmJmYjczMC1lY2FhLTExZTYtOGY4OC0zNDM2M2JjN2M0YzAiOnsiY3JlYXRlIjoxMjAwMDAwMDAwMDAwLCJkZWxldGUiOjM2MDAwMDAwMDAwMDAsInJlYWQiOjEyMDAwMDAwMDAwMDAsInVwZGF0ZSI6MTIwMDAwMDAwMDAwMH19"
        }
      ]
    },
    {
      "mode": "managed",
      "type": "aws_s3_bucket_notification",
      "name": "s3_bucket_notification",
      "provider": "provider[\"registry.terraform.io/hashicorp/aws\"]",
      "instances": [
        {
          "schema_version": 0,
          "attributes": {
            "bucket": "aws-transcribe-svc-src-001",
            "eventbridge": false,
            "id": "aws-transcribe-svc-src-001",
            "lambda_function": [
              {
                "events": [
                  "s3:ObjectCreated:*"
                ],
                "filter_prefix": "poc/",
                "filter_suffix": "",
                "id": "tf-s3-lambda-20251025201806798700000001",
                "lambda_function_arn": "arn:aws:lambda:us-west-2:758346259544:function:TranscribeServiceJob"
              }
            ],
            "queue": [],
            "region": "us-west-2",
            "topic": []
          },
          "sensitive_attributes": [],
          "private": "bnVsbA==",
          "dependencies": [
            "aws_iam_role.aws_lambda_iam_role",
            "aws_lambda_function.transcribe_service_job",
            "aws_lambda_layer_version.python_layer",
            "aws_s3_bucket.example",
            "data.aws_iam_policy_document.lambda_assume_role_policy_doc"
          ]
        }
      ]
    }
  ],
  "check_results": null
}
